
Microsoft Visual Studio Solution File, Format Version 12.00
# Visual Studio Version 17
VisualStudioVersion = 17.4.33103.184
MinimumVisualStudioVersion = 10.0.40219.1
Project("{FAE04EC0-301F-11D3-BF4B-00C04F79EFBC}") = "ServerApp", "ServerApp\ServerApp.csproj", "{C9D4A284-60F0-485C-A597-6F18C23F2C63}"
EndProject
Global
	GlobalSection(SolutionConfigurationPlatforms) = preSolution
		Debug|Any CPU = Debug|Any CPU
		Release|Any CPU = Release|Any CPU
	EndGlobalSection
	GlobalSection(ProjectConfigurationPlatforms) = postSolution
		{C9D4A284-60F0-485C-A597-6F18C23F2C63}.Debug|Any CPU.ActiveCfg = Debug|Any CPU
		{C9D4A284-60F0-485C-A597-6F18C23F2C63}.Debug|Any CPU.Build.0 = Debug|Any CPU
		{C9D4A284-60F0-485C-A597-6F18C23F2C63}.Release|Any CPU.ActiveCfg = Release|Any CPU
		{C9D4A284-60F0-485C-A597-6F18C23F2C63}.Release|Any CPU.Build.0 = Release|Any CPU
	EndGlobalSection
	GlobalSection(SolutionProperties) = preSolution
		HideSolutionNode = FALSE
	EndGlobalSection
	GlobalSection(ExtensibilityGlobals) = postSolution
		SolutionGuid = {025CE04C-1DEE-4AFA-83EC-F68CB0A7AE2A}
	EndGlobalSection
EndGlobal
